
Microsoft Visual Studio Solution File, Format Version 12.00
# Visual Studio 15
VisualStudioVersion = 15.0.27428.2015
MinimumVisualStudioVersion = 10.0.40219.1
Project("{FAE04EC0-301F-11D3-BF4B-00C04F79EFBC}") = "DataModel", "DataModel\DataModel.csproj", "{BEA5B812-5ECC-4938-9B69-1DA9C7F281D9}"
EndProject
Project("{FAE04EC0-301F-11D3-BF4B-00C04F79EFBC}") = "BusinessEntities", "BusinessEntities\BusinessEntities.csproj", "{5BA9654C-E5D5-4704-9E2C-6C2487B0B087}"
EndProject
Project("{FAE04EC0-301F-11D3-BF4B-00C04F79EFBC}") = "BusinessServices", "BusinessServices\BusinessServices.csproj", "{B06E2E77-903F-4443-83C5-FAAF9C1E3CA3}"
EndProject
Project("{FAE04EC0-301F-11D3-BF4B-00C04F79EFBC}") = "WebAppAPI", "WebAppAPI\WebAppAPI.csproj", "{2E281C89-F705-4624-8294-58B2ED3433E2}"
EndProject
Global
	GlobalSection(SolutionConfigurationPlatforms) = preSolution
		Debug|Any CPU = Debug|Any CPU
		Release|Any CPU = Release|Any CPU
	EndGlobalSection
	GlobalSection(ProjectConfigurationPlatforms) = postSolution
		{BEA5B812-5ECC-4938-9B69-1DA9C7F281D9}.Debug|Any CPU.ActiveCfg = Debug|Any CPU
		{BEA5B812-5ECC-4938-9B69-1DA9C7F281D9}.Debug|Any CPU.Build.0 = Debug|Any CPU
		{BEA5B812-5ECC-4938-9B69-1DA9C7F281D9}.Release|Any CPU.ActiveCfg = Release|Any CPU
		{BEA5B812-5ECC-4938-9B69-1DA9C7F281D9}.Release|Any CPU.Build.0 = Release|Any CPU
		{5BA9654C-E5D5-4704-9E2C-6C2487B0B087}.Debug|Any CPU.ActiveCfg = Debug|Any CPU
		{5BA9654C-E5D5-4704-9E2C-6C2487B0B087}.Debug|Any CPU.Build.0 = Debug|Any CPU
		{5BA9654C-E5D5-4704-9E2C-6C2487B0B087}.Release|Any CPU.ActiveCfg = Release|Any CPU
		{5BA9654C-E5D5-4704-9E2C-6C2487B0B087}.Release|Any CPU.Build.0 = Release|Any CPU
		{B06E2E77-903F-4443-83C5-FAAF9C1E3CA3}.Debug|Any CPU.ActiveCfg = Debug|Any CPU
		{B06E2E77-903F-4443-83C5-FAAF9C1E3CA3}.Debug|Any CPU.Build.0 = Debug|Any CPU
		{B06E2E77-903F-4443-83C5-FAAF9C1E3CA3}.Release|Any CPU.ActiveCfg = Release|Any CPU
		{B06E2E77-903F-4443-83C5-FAAF9C1E3CA3}.Release|Any CPU.Build.0 = Release|Any CPU
		{2E281C89-F705-4624-8294-58B2ED3433E2}.Debug|Any CPU.ActiveCfg = Debug|Any CPU
		{2E281C89-F705-4624-8294-58B2ED3433E2}.Debug|Any CPU.Build.0 = Debug|Any CPU
		{2E281C89-F705-4624-8294-58B2ED3433E2}.Release|Any CPU.ActiveCfg = Release|Any CPU
		{2E281C89-F705-4624-8294-58B2ED3433E2}.Release|Any CPU.Build.0 = Release|Any CPU
	EndGlobalSection
	GlobalSection(SolutionProperties) = preSolution
		HideSolutionNode = FALSE
	EndGlobalSection
	GlobalSection(ExtensibilityGlobals) = postSolution
		SolutionGuid = {7CD9BD10-9E23-41EA-A933-64C928CCB3DC}
	EndGlobalSection
EndGlobal
